// !$*UTF8*$!
{
	archiveVersion = 1;
	classes = {
	};
	objectVersion = 48;
	objects = {

/* Begin PBXBuildFile section */
		39D3DB981FFD2DF400E080C2 /* AppDelegate.swift in Sources */ = {isa = PBXBuildFile; fileRef = 39D3DB971FFD2DF400E080C2 /* AppDelegate.swift */; };
		39D3DB9A1FFD2DF400E080C2 /* ViewController.swift in Sources */ = {isa = PBXBuildFile; fileRef = 39D3DB991FFD2DF400E080C2 /* ViewController.swift */; };
		39D3DB9D1FFD2DF400E080C2 /* Main.storyboard in Resources */ = {isa = PBXBuildFile; fileRef = 39D3DB9B1FFD2DF400E080C2 /* Main.storyboard */; };
		39D3DB9F1FFD2DF400E080C2 /* Assets.xcassets in Resources */ = {isa = PBXBuildFile; fileRef = 39D3DB9E1FFD2DF400E080C2 /* Assets.xcassets */; };
		39D3DBA21FFD2DF400E080C2 /* LaunchScreen.storyboard in Resources */ = {isa = PBXBuildFile; fileRef = 39D3DBA01FFD2DF400E080C2 /* LaunchScreen.storyboard */; };
		39E14623208E41EA00541DBD /* Person.swift in Sources */ = {isa = PBXBuildFile; fileRef = 39E14622208E41EA00541DBD /* Person.swift */; };
/* End PBXBuildFile section */

/* Begin PBXFileReference section */
		39D3DB941FFD2DF400E080C2 /* Week3Assessment.app */ = {isa = PBXFileReference; explicitFileType = wrapper.application; includeInIndex = 0; path = Week3Assessment.app; sourceTree = BUILT_PRODUCTS_DIR; };
		39D3DB971FFD2DF400E080C2 /* AppDelegate.swift */ = {isa = PBXFileReference; lastKnownFileType = sourcecode.swift; path = AppDelegate.swift; sourceTree = "<group>"; };
		39D3DB991FFD2DF400E080C2 /* ViewController.swift */ = {isa = PBXFileReference; lastKnownFileType = sourcecode.swift; path = ViewController.swift; sourceTree = "<group>"; };
		39D3DB9C1FFD2DF400E080C2 /* Base */ = {isa = PBXFileReference; lastKnownFileType = file.storyboard; name = Base; path = Base.lproj/Main.storyboard; sourceTree = "<group>"; };
		39D3DB9E1FFD2DF400E080C2 /* Assets.xcassets */ = {isa = PBXFileReference; lastKnownFileType = folder.assetcatalog; path = Assets.xcassets; sourceTree = "<group>"; };
		39D3DBA11FFD2DF400E080C2 /* Base */ = {isa = PBXFileReference; lastKnownFileType = file.storyboard; name = Base; path = Base.lproj/LaunchScreen.storyboard; sourceTree = "<group>"; };
		39D3DBA31FFD2DF400E080C2 /* Info.plist */ = {isa = PBXFileReference; lastKnownFileType = text.plist.xml; path = Info.plist; sourceTree = "<group>"; };
		39E14622208E41EA00541DBD /* Person.swift */ = {isa = PBXFileReference; lastKnownFileType = sourcecode.swift; path = Person.swift; sourceTree = "<group>"; };
/* End PBXFileReference section */

/* Begin PBXFrameworksBuildPhase section */
		39D3DB911FFD2DF400E080C2 /* Frameworks */ = {
			isa = PBXFrameworksBuildPhase;
			buildActionMask = 2147483647;
			files = (
			);
			runOnlyForDeploymentPostprocessing = 0;
		};
/* End PBXFrameworksBuildPhase section */

/* Begin PBXGroup section */
		39D3DB8B1FFD2DF400E080C2 = {
			isa = PBXGroup;
			children = (
				39D3DB961FFD2DF400E080C2 /* Week3Assessment */,
				39D3DB951FFD2DF400E080C2 /* Products */,
			);
			sourceTree = "<group>";
		};
		39D3DB951FFD2DF400E080C2 /* Products */ = {
			isa = PBXGroup;
			children = (
				39D3DB941FFD2DF400E080C2 /* Week3Assessment.app */,
			);
			name = Products;
			sourceTree = "<group>";
		};
		39D3DB961FFD2DF400E080C2 /* Week3Assessment */ = {
			isa = PBXGroup;
			children = (
				39D3DB971FFD2DF400E080C2 /* AppDelegate.swift */,
				39D3DB991FFD2DF400E080C2 /* ViewController.swift */,
				39D3DB9B1FFD2DF400E080C2 /* Main.storyboard */,
				39D3DB9E1FFD2DF400E080C2 /* Assets.xcassets */,
				39D3DBA01FFD2DF400E080C2 /* LaunchScreen.storyboard */,
				39D3DBA31FFD2DF400E080C2 /* Info.plist */,
				39E14622208E41EA00541DBD /* Person.swift */,
			);
			path = Week3Assessment;
			sourceTree = "<group>";
		};
/* End PBXGroup section */

/* Begin PBXNativeTarget section */
		39D3DB931FFD2DF400E080C2 /* Week3Assessment */ = {
			isa = PBXNativeTarget;
			buildConfigurationList = 39D3DBA61FFD2DF400E080C2 /* Build configuration list for PBXNativeTarget "Week3Assessment" */;
			buildPhases = (
				39D3DB901FFD2DF400E080C2 /* Sources */,
				39D3DB911FFD2DF400E080C2 /* Frameworks */,
				39D3DB921FFD2DF400E080C2 /* Resources */,
			);
			buildRules = (
			);
			dependencies = (
			);
			name = Week3Assessment;
			productName = Week3Assessment;
			productReference = 39D3DB941FFD2DF400E080C2 /* Week3Assessment.app */;
			productType = "com.apple.product-type.application";
		};
/* End PBXNativeTarget section */

/* Begin PBXProject section */
		39D3DB8C1FFD2DF400E080C2 /* Project object */ = {
			isa = PBXProject;
			attributes = {
				LastSwiftUpdateCheck = 0920;
				LastUpgradeCheck = 0920;
				ORGANIZATIONNAME = "Ryan Brashear";
				TargetAttributes = {
					39D3DB931FFD2DF400E080C2 = {
						CreatedOnToolsVersion = 9.2;
						ProvisioningStyle = Automatic;
					};
				};
			};
			buildConfigurationList = 39D3DB8F1FFD2DF400E080C2 /* Build configuration list for PBXProject "Week3Assessment" */;
			compatibilityVersion = "Xcode 8.0";
			developmentRegion = en;
			hasScannedForEncodings = 0;
			knownRegions = (
				en,
				Base,
			);
			mainGroup = 39D3DB8B1FFD2DF400E080C2;
			productRefGroup = 39D3DB951FFD2DF400E080C2 /* Products */;
			projectDirPath = "";
			projectRoot = "";
			targets = (
				39D3DB931FFD2DF400E080C2 /* Week3Assessment */,
			);
		};
/* End PBXProject section */

/* Begin PBXResourcesBuildPhase section */
		39D3DB921FFD2DF400E080C2 /* Resources */ = {
			isa = PBXResourcesBuildPhase;
			buildActionMask = 2147483647;
			files = (
				39D3DBA21FFD2DF400E080C2 /* LaunchScreen.storyboard in Resources */,
				39D3DB9F1FFD2DF400E080C2 /* Assets.xcassets in Resources */,
				39D3DB9D1FFD2DF400E080C2 /* Main.storyboard in Resources */,
			);
			runOnlyForDeploymentPostprocessing = 0;
		};
/* End PBXResourcesBuildPhase section */

/* Begin PBXSourcesBuildPhase section */
		39D3DB901FFD2DF400E080C2 /* Sources */ = {
			isa = PBXSourcesBuildPhase;
			buildActionMask = 2147483647;
			files = (
				39E14623208E41EA00541DBD /* Person.swift in Sources */,
				39D3DB9A1FFD2DF400E080C2 /* ViewController.swift in Sources */,
				39D3DB981FFD2DF400E080C2 /* AppDelegate.swift in Sources */,
			);
			runOnlyForDeploymentPostprocessing = 0;
		};
/* End PBXSourcesBuildPhase section */

/* Begin PBXVariantGroup section */
		39D3DB9B1FFD2DF400E080C2 /* Main.storyboard */ = {
			isa = PBXVariantGroup;
			children = (
				39D3DB9C1FFD2DF400E080C2 /* Base */,
			);
			name = Main.storyboard;
			sourceTree = "<group>";
		};
		39D3DBA01FFD2DF400E080C2 /* LaunchScreen.storyboard */ = {
			isa = PBXVariantGroup;
			children = (
				39D3DBA11FFD2DF400E080C2 /* Base */,
			);
			name = LaunchScreen.storyboard;
			sourceTree = "<group>";
		};
/* End PBXVariantGroup section */

/* Begin XCBuildConfiguration section */
		39D3DBA41FFD2DF400E080C2 /* Debug */ = {
			isa = XCBuildConfiguration;
			buildSettings = {
				ALWAYS_SEARCH_USER_PATHS = NO;
				CLANG_ANALYZER_NONNULL = YES;
				CLANG_ANALYZER_NUMBER_OBJECT_CONVERSION = YES_AGGRESSIVE;
				CLANG_CXX_LANGUAGE_STANDARD = "gnu++14";
				CLANG_CXX_LIBRARY = "libc++";
				CLANG_ENABLE_MODULES = YES;
				CLANG_ENABLE_OBJC_ARC = YES;
				CLANG_WARN_BLOCK_CAPTURE_AUTORELEASING = YES;
				CLANG_WARN_BOOL_CONVERSION = YES;
				CLANG_WARN_COMMA = YES;
				CLANG_WARN_CONSTANT_CONVERSION = YES;
				CLANG_WARN_DIRECT_OBJC_ISA_USAGE = YES_ERROR;
				CLANG_WARN_DOCUMENTATION_COMMENTS = YES;
				CLANG_WARN_EMPTY_BODY = YES;
				CLANG_WARN_ENUM_CONVERSION = YES;
				CLANG_WARN_INFINITE_RECURSION = YES;
				CLANG_WARN_INT_CONVERSION = YES;
				CLANG_WARN_NON_LITERAL_NULL_CONVERSION = YES;
				CLANG_WARN_OBJC_LITERAL_CONVERSION = YES;
				CLANG_WARN_OBJC_ROOT_CLASS = YES_ERROR;
				CLANG_WARN_RANGE_LOOP_ANALYSIS = YES;
				CLANG_WARN_STRICT_PROTOTYPES = YES;
				CLANG_WARN_SUSPICIOUS_MOVE = YES;
				CLANG_WARN_UNGUARDED_AVAILABILITY = YES_AGGRESSIVE;
				CLANG_WARN_UNREACHABLE_CODE = YES;
				CLANG_WARN__DUPLICATE_METHOD_MATCH = YES;
				CODE_SIGN_IDENTITY = "iPhone Developer";
				COPY_PHASE_STRIP = NO;
				DEBUG_INFORMATION_FORMAT = dwarf;
				ENABLE_STRICT_OBJC_MSGSEND = YES;
				ENABLE_TESTABILITY = YES;
				GCC_C_LANGUAGE_STANDARD = gnu11;
				GCC_DYNAMIC_NO_PIC = NO;
				GCC_NO_COMMON_BLOCKS = YES;
				GCC_OPTIMIZATION_LEVEL = 0;
				GCC_PREPROCESSOR_DEFINITIONS = (
					"DEBUG=1",
					"$(inherited)",
				);
				GCC_WARN_64_TO_32_BIT_CONVERSION = YES;
				GCC_WARN_ABOUT_RETURN_TYPE = YES_ERROR;
				GCC_WARN_UNDECLARED_SELECTOR = YES;
				GCC_WARN_UNINITIALIZED_AUTOS = YES_AGGRESSIVE;
				GCC_WARN_UNUSED_FUNCTION = YES;
				GCC_WARN_UNUSED_VARIABLE = YES;
				IPHONEOS_DEPLOYMENT_TARGET = 11.2;
				MTL_ENABLE_DEBUG_INFO = YES;
				ONLY_ACTIVE_ARCH = YES;
				SDKROOT = iphoneos;
				SWIFT_ACTIVE_COMPILATION_CONDITIONS = DEBUG;
				SWIFT_OPTIMIZATION_LEVEL = "-Onone";
			};
			name = Debug;
		};
		39D3DBA51FFD2DF400E080C2 /* Release */ = {
			isa = XCBuildConfiguration;
			buildSettings = {
				ALWAYS_SEARCH_USER_PATHS = NO;
				CLANG_ANALYZER_NONNULL = YES;
				CLANG_ANALYZER_NUMBER_OBJECT_CONVERSION = YES_AGGRESSIVE;
				CLANG_CXX_LANGUAGE_STANDARD = "gnu++14";
				CLANG_CXX_LIBRARY = "libc++";
				CLANG_ENABLE_MODULES = YES;
				CLANG_ENABLE_OBJC_ARC = YES;
				CLANG_WARN_BLOCK_CAPTURE_AUTORELEASING = YES;
				CLANG_WARN_BOOL_CONVERSION = YES;
				CLANG_WARN_COMMA = YES;
				CLANG_WARN_CONSTANT_CONVERSION = YES;
				CLANG_WARN_DIRECT_OBJC_ISA_USAGE = YES_ERROR;
				CLANG_WARN_DOCUMENTATION_COMMENTS = YES;
				CLANG_WARN_EMPTY_BODY = YES;
				CLANG_WARN_ENUM_CONVERSION = YES;
				CLANG_WARN_INFINITE_RECURSION = YES;
				CLANG_WARN_INT_CONVERSION = YES;
				CLANG_WARN_NON_LITERAL_NULL_CONVERSION = YES;
				CLANG_WARN_OBJC_LITERAL_CONVERSION = YES;
				CLANG_WARN_OBJC_ROOT_CLASS = YES_ERROR;
				CLANG_WARN_RANGE_LOOP_ANALYSIS = YES;
				CLANG_WARN_STRICT_PROTOTYPES = YES;
				CLANG_WARN_SUSPICIOUS_MOVE = YES;
				CLANG_WARN_UNGUARDED_AVAILABILITY = YES_AGGRESSIVE;
				CLANG_WARN_UNREACHABLE_CODE = YES;
				CLANG_WARN__DUPLICATE_METHOD_MATCH = YES;
				CODE_SIGN_IDENTITY = "iPhone Developer";
				COPY_PHASE_STRIP = NO;
				DEBUG_INFORMATION_FORMAT = "dwarf-with-dsym";
				ENABLE_NS_ASSERTIONS = NO;
				ENABLE_STRICT_OBJC_MSGSEND = YES;
				GCC_C_LANGUAGE_STANDARD = gnu11;
				GCC_NO_COMMON_BLOCKS = YES;
				GCC_WARN_64_TO_32_BIT_CONVERSION = YES;
				GCC_WARN_ABOUT_RETURN_TYPE = YES_ERROR;
				GCC_WARN_UNDECLARED_SELECTOR = YES;
				GCC_WARN_UNINITIALIZED_AUTOS = YES_AGGRESSIVE;
				GCC_WARN_UNUSED_FUNCTION = YES;
				GCC_WARN_UNUSED_VARIABLE = YES;
				IPHONEOS_DEPLOYMENT_TARGET = 11.2;
				MTL_ENABLE_DEBUG_INFO = NO;
				SDKROOT = iphoneos;
				SWIFT_OPTIMIZATION_LEVEL = "-Owholemodule";
				VALIDATE_PRODUCT = YES;
			};
			name = Release;
		};
		39D3DBA71FFD2DF400E080C2 /* Debug */ = {
			isa = XCBuildConfiguration;
			buildSettings = {
				ASSETCATALOG_COMPILER_APPICON_NAME = AppIcon;
				CODE_SIGN_STYLE = Automatic;
				DEVELOPMENT_TEAM = JA3DANMHQT;
				INFOPLIST_FILE = Week3Assessment/Info.plist;
				LD_RUNPATH_SEARCH_PATHS = "$(inherited) @executable_path/Frameworks";
				PRODUCT_BUNDLE_IDENTIFIER = com.ryanBrashear.Week3Assessment;
				PRODUCT_NAME = "$(TARGET_NAME)";
				SWIFT_VERSION = 4.0;
				TARGETED_DEVICE_FAMILY = "1,2";
			};
			name = Debug;
		};
		39D3DBA81FFD2DF400E080C2 /* Release */ = {
			isa = XCBuildConfiguration;
			buildSettings = {
				ASSETCATALOG_COMPILER_APPICON_NAME = AppIcon;
				CODE_SIGN_STYLE = Automatic;
				DEVELOPMENT_TEAM = JA3DANMHQT;
				INFOPLIST_FILE = Week3Assessment/Info.plist;
				LD_RUNPATH_SEARCH_PATHS = "$(inherited) @executable_path/Frameworks";
				PRODUCT_BUNDLE_IDENTIFIER = com.ryanBrashear.Week3Assessment;
				PRODUCT_NAME = "$(TARGET_NAME)";
				SWIFT_VERSION = 4.0;
				TARGETED_DEVICE_FAMILY = "1,2";
			};
			name = Release;
		};
/* End XCBuildConfiguration section */

/* Begin XCConfigurationList section */
		39D3DB8F1FFD2DF400E080C2 /* Build configuration list for PBXProject "Week3Assessment" */ = {
			isa = XCConfigurationList;
			buildConfigurations = (
				39D3DBA41FFD2DF400E080C2 /* Debug */,
				39D3DBA51FFD2DF400E080C2 /* Release */,
			);
			defaultConfigurationIsVisible = 0;
			defaultConfigurationName = Release;
		};
		39D3DBA61FFD2DF400E080C2 /* Build configuration list for PBXNativeTarget "Week3Assessment" */ = {
			isa = XCConfigurationList;
			buildConfigurations = (
				39D3DBA71FFD2DF400E080C2 /* Debug */,
				39D3DBA81FFD2DF400E080C2 /* Release */,
			);
			defaultConfigurationIsVisible = 0;
			defaultConfigurationName = Release;
		};
/* End XCConfigurationList section */
	};
	rootObject = 39D3DB8C1FFD2DF400E080C2 /* Project object */;
}
